
Microsoft Visual Studio Solution File, Format Version 12.00
# Visual Studio Version 17
VisualStudioVersion = 17.8.34309.116
MinimumVisualStudioVersion = 10.0.40219.1
Project("{FAE04EC0-301F-11D3-BF4B-00C04F79EFBC}") = "Navigation-Template", "Navigation-Template\Navigation-Template.csproj", "{EDBFB9AC-C1D0-4C52-9AAA-CD04EE05472B}"
EndProject
Global
	GlobalSection(SolutionConfigurationPlatforms) = preSolution
		Debug|Any CPU = Debug|Any CPU
		Release|Any CPU = Release|Any CPU
	EndGlobalSection
	GlobalSection(ProjectConfigurationPlatforms) = postSolution
		{EDBFB9AC-C1D0-4C52-9AAA-CD04EE05472B}.Debug|Any CPU.ActiveCfg = Debug|Any CPU
		{EDBFB9AC-C1D0-4C52-9AAA-CD04EE05472B}.Debug|Any CPU.Build.0 = Debug|Any CPU
		{EDBFB9AC-C1D0-4C52-9AAA-CD04EE05472B}.Release|Any CPU.ActiveCfg = Release|Any CPU
		{EDBFB9AC-C1D0-4C52-9AAA-CD04EE05472B}.Release|Any CPU.Build.0 = Release|Any CPU
	EndGlobalSection
	GlobalSection(SolutionProperties) = preSolution
		HideSolutionNode = FALSE
	EndGlobalSection
	GlobalSection(ExtensibilityGlobals) = postSolution
		SolutionGuid = {16A0F5A5-CDB6-4AA8-8D71-4F723BE29660}
	EndGlobalSection
EndGlobal
